
Microsoft Visual Studio Solution File, Format Version 12.00
# Visual Studio 15
VisualStudioVersion = 15.0.28307.106
MinimumVisualStudioVersion = 10.0.40219.1
Project("{9A19103F-16F7-4668-BE54-9A1E7A4F7556}") = "AnimeAggregator", "AnimeAggregator\AnimeAggregator.csproj", "{81FBF238-AECA-47DC-8E62-DD1EB49195DB}"
EndProject
Project("{9A19103F-16F7-4668-BE54-9A1E7A4F7556}") = "AnimeAggregator.Models", "AnimeAggregator.Models\AnimeAggregator.Models.csproj", "{AD6955A5-F2FA-4C06-BFBB-9C3F47F10738}"
EndProject
Global
	GlobalSection(SolutionConfigurationPlatforms) = preSolution
		Debug|Any CPU = Debug|Any CPU
		Release|Any CPU = Release|Any CPU
	EndGlobalSection
	GlobalSection(ProjectConfigurationPlatforms) = postSolution
		{81FBF238-AECA-47DC-8E62-DD1EB49195DB}.Debug|Any CPU.ActiveCfg = Debug|Any CPU
		{81FBF238-AECA-47DC-8E62-DD1EB49195DB}.Debug|Any CPU.Build.0 = Debug|Any CPU
		{81FBF238-AECA-47DC-8E62-DD1EB49195DB}.Release|Any CPU.ActiveCfg = Release|Any CPU
		{81FBF238-AECA-47DC-8E62-DD1EB49195DB}.Release|Any CPU.Build.0 = Release|Any CPU
		{AD6955A5-F2FA-4C06-BFBB-9C3F47F10738}.Debug|Any CPU.ActiveCfg = Debug|Any CPU
		{AD6955A5-F2FA-4C06-BFBB-9C3F47F10738}.Debug|Any CPU.Build.0 = Debug|Any CPU
		{AD6955A5-F2FA-4C06-BFBB-9C3F47F10738}.Release|Any CPU.ActiveCfg = Release|Any CPU
		{AD6955A5-F2FA-4C06-BFBB-9C3F47F10738}.Release|Any CPU.Build.0 = Release|Any CPU
	EndGlobalSection
	GlobalSection(SolutionProperties) = preSolution
		HideSolutionNode = FALSE
	EndGlobalSection
	GlobalSection(ExtensibilityGlobals) = postSolution
		SolutionGuid = {9FFFDE25-8465-40DC-AE4C-ED4E01710115}
	EndGlobalSection
EndGlobal
